
Microsoft Visual Studio Solution File, Format Version 12.00
# Visual Studio Version 17
VisualStudioVersion = 17.0.32014.148
MinimumVisualStudioVersion = 10.0.40219.1
Project("{8BC9CEB8-8B4A-11D0-8D11-00A0C91BC942}") = "代码统计工具v1.3 自定义文件后缀名", "代码统计工具v1.3 自定义文件后缀名.vcxproj", "{1F22108A-BB45-442D-8172-20548C7A83F3}"
EndProject
Global
	GlobalSection(SolutionConfigurationPlatforms) = preSolution
		Debug|x64 = Debug|x64
		Debug|x86 = Debug|x86
		Release|x64 = Release|x64
		Release|x86 = Release|x86
	EndGlobalSection
	GlobalSection(ProjectConfigurationPlatforms) = postSolution
		{1F22108A-BB45-442D-8172-20548C7A83F3}.Debug|x64.ActiveCfg = Debug|x64
		{1F22108A-BB45-442D-8172-20548C7A83F3}.Debug|x64.Build.0 = Debug|x64
		{1F22108A-BB45-442D-8172-20548C7A83F3}.Debug|x86.ActiveCfg = Debug|Win32
		{1F22108A-BB45-442D-8172-20548C7A83F3}.Debug|x86.Build.0 = Debug|Win32
		{1F22108A-BB45-442D-8172-20548C7A83F3}.Release|x64.ActiveCfg = Release|x64
		{1F22108A-BB45-442D-8172-20548C7A83F3}.Release|x64.Build.0 = Release|x64
		{1F22108A-BB45-442D-8172-20548C7A83F3}.Release|x86.ActiveCfg = Release|Win32
		{1F22108A-BB45-442D-8172-20548C7A83F3}.Release|x86.Build.0 = Release|Win32
	EndGlobalSection
	GlobalSection(SolutionProperties) = preSolution
		HideSolutionNode = FALSE
	EndGlobalSection
	GlobalSection(ExtensibilityGlobals) = postSolution
		SolutionGuid = {08BE9B41-29DE-4E29-ADA4-76DB5F7B2BB4}
	EndGlobalSection
EndGlobal
